
Microsoft Visual Studio Solution File, Format Version 12.00
# Visual Studio Version 17
VisualStudioVersion = 17.7.34031.279
MinimumVisualStudioVersion = 10.0.40219.1
Project("{FAE04EC0-301F-11D3-BF4B-00C04F79EFBC}") = "ExamenC#", "ExamenC#\ExamenC#.csproj", "{2D06E709-FCC5-43A3-AE0F-ADD2ED80A58B}"
EndProject
Global
	GlobalSection(SolutionConfigurationPlatforms) = preSolution
		Debug|Any CPU = Debug|Any CPU
		Release|Any CPU = Release|Any CPU
	EndGlobalSection
	GlobalSection(ProjectConfigurationPlatforms) = postSolution
		{2D06E709-FCC5-43A3-AE0F-ADD2ED80A58B}.Debug|Any CPU.ActiveCfg = Debug|Any CPU
		{2D06E709-FCC5-43A3-AE0F-ADD2ED80A58B}.Debug|Any CPU.Build.0 = Debug|Any CPU
		{2D06E709-FCC5-43A3-AE0F-ADD2ED80A58B}.Release|Any CPU.ActiveCfg = Release|Any CPU
		{2D06E709-FCC5-43A3-AE0F-ADD2ED80A58B}.Release|Any CPU.Build.0 = Release|Any CPU
	EndGlobalSection
	GlobalSection(SolutionProperties) = preSolution
		HideSolutionNode = FALSE
	EndGlobalSection
	GlobalSection(ExtensibilityGlobals) = postSolution
		SolutionGuid = {CD38EB09-3D6A-466E-A4AC-13532DF104D4}
	EndGlobalSection
EndGlobal
